// !$*UTF8*$!
{
	archiveVersion = 1;
	classes = {
	};
	objectVersion = 56;
	objects = {

/* Begin PBXBuildFile section */
		A27177CF2B98641300D44CAC /* AppDelegate.m in Sources */ = {isa = PBXBuildFile; fileRef = A27177CE2B98641300D44CAC /* AppDelegate.m */; };
		A27177D22B98641300D44CAC /* SceneDelegate.m in Sources */ = {isa = PBXBuildFile; fileRef = A27177D12B98641300D44CAC /* SceneDelegate.m */; };
		A27177D52B98641300D44CAC /* ViewController.m in Sources */ = {isa = PBXBuildFile; fileRef = A27177D42B98641300D44CAC /* ViewController.m */; };
		A27177D82B98641300D44CAC /* Main.storyboard in Resources */ = {isa = PBXBuildFile; fileRef = A27177D62B98641300D44CAC /* Main.storyboard */; };
		A27177DA2B98641600D44CAC /* Assets.xcassets in Resources */ = {isa = PBXBuildFile; fileRef = A27177D92B98641600D44CAC /* Assets.xcassets */; };
		A27177DD2B98641600D44CAC /* LaunchScreen.storyboard in Resources */ = {isa = PBXBuildFile; fileRef = A27177DB2B98641600D44CAC /* LaunchScreen.storyboard */; };
		A27177E02B98641600D44CAC /* main.m in Sources */ = {isa = PBXBuildFile; fileRef = A27177DF2B98641600D44CAC /* main.m */; };
		A27177E82B98670400D44CAC /* AVFoundationViewController.m in Sources */ = {isa = PBXBuildFile; fileRef = A27177E72B98670400D44CAC /* AVFoundationViewController.m */; };
		A2AA439A2BAE736700577B62 /* PickingColorView.m in Sources */ = {isa = PBXBuildFile; fileRef = A2AA43992BAE736700577B62 /* PickingColorView.m */; };
		A2AA439D2BAE7BDA00577B62 /* PickingColorModel.m in Sources */ = {isa = PBXBuildFile; fileRef = A2AA439C2BAE7BDA00577B62 /* PickingColorModel.m */; };
		A2AA43A02BAE917F00577B62 /* PickingColorController.m in Sources */ = {isa = PBXBuildFile; fileRef = A2AA439F2BAE917F00577B62 /* PickingColorController.m */; };
/* End PBXBuildFile section */

/* Begin PBXFileReference section */
		A27177CA2B98641300D44CAC /* AVFoundationTest.app */ = {isa = PBXFileReference; explicitFileType = wrapper.application; includeInIndex = 0; path = AVFoundationTest.app; sourceTree = BUILT_PRODUCTS_DIR; };
		A27177CD2B98641300D44CAC /* AppDelegate.h */ = {isa = PBXFileReference; lastKnownFileType = sourcecode.c.h; path = AppDelegate.h; sourceTree = "<group>"; };
		A27177CE2B98641300D44CAC /* AppDelegate.m */ = {isa = PBXFileReference; lastKnownFileType = sourcecode.c.objc; path = AppDelegate.m; sourceTree = "<group>"; };
		A27177D02B98641300D44CAC /* SceneDelegate.h */ = {isa = PBXFileReference; lastKnownFileType = sourcecode.c.h; path = SceneDelegate.h; sourceTree = "<group>"; };
		A27177D12B98641300D44CAC /* SceneDelegate.m */ = {isa = PBXFileReference; lastKnownFileType = sourcecode.c.objc; path = SceneDelegate.m; sourceTree = "<group>"; };
		A27177D32B98641300D44CAC /* ViewController.h */ = {isa = PBXFileReference; lastKnownFileType = sourcecode.c.h; path = ViewController.h; sourceTree = "<group>"; };
		A27177D42B98641300D44CAC /* ViewController.m */ = {isa = PBXFileReference; lastKnownFileType = sourcecode.c.objc; path = ViewController.m; sourceTree = "<group>"; };
		A27177D72B98641300D44CAC /* Base */ = {isa = PBXFileReference; lastKnownFileType = file.storyboard; name = Base; path = Base.lproj/Main.storyboard; sourceTree = "<group>"; };
		A27177D92B98641600D44CAC /* Assets.xcassets */ = {isa = PBXFileReference; lastKnownFileType = folder.assetcatalog; path = Assets.xcassets; sourceTree = "<group>"; };
		A27177DC2B98641600D44CAC /* Base */ = {isa = PBXFileReference; lastKnownFileType = file.storyboard; name = Base; path = Base.lproj/LaunchScreen.storyboard; sourceTree = "<group>"; };
		A27177DE2B98641600D44CAC /* Info.plist */ = {isa = PBXFileReference; lastKnownFileType = text.plist.xml; path = Info.plist; sourceTree = "<group>"; };
		A27177DF2B98641600D44CAC /* main.m */ = {isa = PBXFileReference; lastKnownFileType = sourcecode.c.objc; path = main.m; sourceTree = "<group>"; };
		A27177E62B98670400D44CAC /* AVFoundationViewController.h */ = {isa = PBXFileReference; lastKnownFileType = sourcecode.c.h; path = AVFoundationViewController.h; sourceTree = "<group>"; };
		A27177E72B98670400D44CAC /* AVFoundationViewController.m */ = {isa = PBXFileReference; lastKnownFileType = sourcecode.c.objc; path = AVFoundationViewController.m; sourceTree = "<group>"; };
		A2AA43982BAE736700577B62 /* PickingColorView.h */ = {isa = PBXFileReference; lastKnownFileType = sourcecode.c.h; path = PickingColorView.h; sourceTree = "<group>"; };
		A2AA43992BAE736700577B62 /* PickingColorView.m */ = {isa = PBXFileReference; lastKnownFileType = sourcecode.c.objc; path = PickingColorView.m; sourceTree = "<group>"; };
		A2AA439B2BAE7BDA00577B62 /* PickingColorModel.h */ = {isa = PBXFileReference; lastKnownFileType = sourcecode.c.h; path = PickingColorModel.h; sourceTree = "<group>"; };
		A2AA439C2BAE7BDA00577B62 /* PickingColorModel.m */ = {isa = PBXFileReference; lastKnownFileType = sourcecode.c.objc; path = PickingColorModel.m; sourceTree = "<group>"; };
		A2AA439E2BAE917F00577B62 /* PickingColorController.h */ = {isa = PBXFileReference; lastKnownFileType = sourcecode.c.h; path = PickingColorController.h; sourceTree = "<group>"; };
		A2AA439F2BAE917F00577B62 /* PickingColorController.m */ = {isa = PBXFileReference; lastKnownFileType = sourcecode.c.objc; path = PickingColorController.m; sourceTree = "<group>"; };
/* End PBXFileReference section */

/* Begin PBXFrameworksBuildPhase section */
		A27177C72B98641300D44CAC /* Frameworks */ = {
			isa = PBXFrameworksBuildPhase;
			buildActionMask = 2147483647;
			files = (
			);
			runOnlyForDeploymentPostprocessing = 0;
		};
/* End PBXFrameworksBuildPhase section */

/* Begin PBXGroup section */
		A27177C12B98641300D44CAC = {
			isa = PBXGroup;
			children = (
				A27177CC2B98641300D44CAC /* AVFoundationTest */,
				A27177CB2B98641300D44CAC /* Products */,
			);
			sourceTree = "<group>";
		};
		A27177CB2B98641300D44CAC /* Products */ = {
			isa = PBXGroup;
			children = (
				A27177CA2B98641300D44CAC /* AVFoundationTest.app */,
			);
			name = Products;
			sourceTree = "<group>";
		};
		A27177CC2B98641300D44CAC /* AVFoundationTest */ = {
			isa = PBXGroup;
			children = (
				A27177CD2B98641300D44CAC /* AppDelegate.h */,
				A27177CE2B98641300D44CAC /* AppDelegate.m */,
				A27177D02B98641300D44CAC /* SceneDelegate.h */,
				A27177D12B98641300D44CAC /* SceneDelegate.m */,
				A27177D32B98641300D44CAC /* ViewController.h */,
				A27177D42B98641300D44CAC /* ViewController.m */,
				A2AA439B2BAE7BDA00577B62 /* PickingColorModel.h */,
				A2AA439C2BAE7BDA00577B62 /* PickingColorModel.m */,
				A2AA43982BAE736700577B62 /* PickingColorView.h */,
				A2AA43992BAE736700577B62 /* PickingColorView.m */,
				A2AA439E2BAE917F00577B62 /* PickingColorController.h */,
				A2AA439F2BAE917F00577B62 /* PickingColorController.m */,
				A27177E62B98670400D44CAC /* AVFoundationViewController.h */,
				A27177E72B98670400D44CAC /* AVFoundationViewController.m */,
				A27177D62B98641300D44CAC /* Main.storyboard */,
				A27177D92B98641600D44CAC /* Assets.xcassets */,
				A27177DB2B98641600D44CAC /* LaunchScreen.storyboard */,
				A27177DE2B98641600D44CAC /* Info.plist */,
				A27177DF2B98641600D44CAC /* main.m */,
			);
			path = AVFoundationTest;
			sourceTree = "<group>";
		};
/* End PBXGroup section */

/* Begin PBXNativeTarget section */
		A27177C92B98641300D44CAC /* AVFoundationTest */ = {
			isa = PBXNativeTarget;
			buildConfigurationList = A27177E32B98641600D44CAC /* Build configuration list for PBXNativeTarget "AVFoundationTest" */;
			buildPhases = (
				A27177C62B98641300D44CAC /* Sources */,
				A27177C72B98641300D44CAC /* Frameworks */,
				A27177C82B98641300D44CAC /* Resources */,
			);
			buildRules = (
			);
			dependencies = (
			);
			name = AVFoundationTest;
			productName = AVFoundationTest;
			productReference = A27177CA2B98641300D44CAC /* AVFoundationTest.app */;
			productType = "com.apple.product-type.application";
		};
/* End PBXNativeTarget section */

/* Begin PBXProject section */
		A27177C22B98641300D44CAC /* Project object */ = {
			isa = PBXProject;
			attributes = {
				BuildIndependentTargetsInParallel = 1;
				LastUpgradeCheck = 1520;
				TargetAttributes = {
					A27177C92B98641300D44CAC = {
						CreatedOnToolsVersion = 15.2;
					};
				};
			};
			buildConfigurationList = A27177C52B98641300D44CAC /* Build configuration list for PBXProject "AVFoundationTest" */;
			compatibilityVersion = "Xcode 14.0";
			developmentRegion = en;
			hasScannedForEncodings = 0;
			knownRegions = (
				en,
				Base,
			);
			mainGroup = A27177C12B98641300D44CAC;
			productRefGroup = A27177CB2B98641300D44CAC /* Products */;
			projectDirPath = "";
			projectRoot = "";
			targets = (
				A27177C92B98641300D44CAC /* AVFoundationTest */,
			);
		};
/* End PBXProject section */

/* Begin PBXResourcesBuildPhase section */
		A27177C82B98641300D44CAC /* Resources */ = {
			isa = PBXResourcesBuildPhase;
			buildActionMask = 2147483647;
			files = (
				A27177DD2B98641600D44CAC /* LaunchScreen.storyboard in Resources */,
				A27177DA2B98641600D44CAC /* Assets.xcassets in Resources */,
				A27177D82B98641300D44CAC /* Main.storyboard in Resources */,
			);
			runOnlyForDeploymentPostprocessing = 0;
		};
/* End PBXResourcesBuildPhase section */

/* Begin PBXSourcesBuildPhase section */
		A27177C62B98641300D44CAC /* Sources */ = {
			isa = PBXSourcesBuildPhase;
			buildActionMask = 2147483647;
			files = (
				A2AA439D2BAE7BDA00577B62 /* PickingColorModel.m in Sources */,
				A27177D52B98641300D44CAC /* ViewController.m in Sources */,
				A27177CF2B98641300D44CAC /* AppDelegate.m in Sources */,
				A2AA43A02BAE917F00577B62 /* PickingColorController.m in Sources */,
				A27177E02B98641600D44CAC /* main.m in Sources */,
				A27177E82B98670400D44CAC /* AVFoundationViewController.m in Sources */,
				A2AA439A2BAE736700577B62 /* PickingColorView.m in Sources */,
				A27177D22B98641300D44CAC /* SceneDelegate.m in Sources */,
			);
			runOnlyForDeploymentPostprocessing = 0;
		};
/* End PBXSourcesBuildPhase section */

/* Begin PBXVariantGroup section */
		A27177D62B98641300D44CAC /* Main.storyboard */ = {
			isa = PBXVariantGroup;
			children = (
				A27177D72B98641300D44CAC /* Base */,
			);
			name = Main.storyboard;
			sourceTree = "<group>";
		};
		A27177DB2B98641600D44CAC /* LaunchScreen.storyboard */ = {
			isa = PBXVariantGroup;
			children = (
				A27177DC2B98641600D44CAC /* Base */,
			);
			name = LaunchScreen.storyboard;
			sourceTree = "<group>";
		};
/* End PBXVariantGroup section */

/* Begin XCBuildConfiguration section */
		A27177E12B98641600D44CAC /* Debug */ = {
			isa = XCBuildConfiguration;
			buildSettings = {
				ALWAYS_SEARCH_USER_PATHS = NO;
				ASSETCATALOG_COMPILER_GENERATE_SWIFT_ASSET_SYMBOL_EXTENSIONS = YES;
				CLANG_ANALYZER_NONNULL = YES;
				CLANG_ANALYZER_NUMBER_OBJECT_CONVERSION = YES_AGGRESSIVE;
				CLANG_CXX_LANGUAGE_STANDARD = "gnu++20";
				CLANG_ENABLE_MODULES = YES;
				CLANG_ENABLE_OBJC_ARC = YES;
				CLANG_ENABLE_OBJC_WEAK = YES;
				CLANG_WARN_BLOCK_CAPTURE_AUTORELEASING = YES;
				CLANG_WARN_BOOL_CONVERSION = YES;
				CLANG_WARN_COMMA = YES;
				CLANG_WARN_CONSTANT_CONVERSION = YES;
				CLANG_WARN_DEPRECATED_OBJC_IMPLEMENTATIONS = YES;
				CLANG_WARN_DIRECT_OBJC_ISA_USAGE = YES_ERROR;
				CLANG_WARN_DOCUMENTATION_COMMENTS = YES;
				CLANG_WARN_EMPTY_BODY = YES;
				CLANG_WARN_ENUM_CONVERSION = YES;
				CLANG_WARN_INFINITE_RECURSION = YES;
				CLANG_WARN_INT_CONVERSION = YES;
				CLANG_WARN_NON_LITERAL_NULL_CONVERSION = YES;
				CLANG_WARN_OBJC_IMPLICIT_RETAIN_SELF = YES;
				CLANG_WARN_OBJC_LITERAL_CONVERSION = YES;
				CLANG_WARN_OBJC_ROOT_CLASS = YES_ERROR;
				CLANG_WARN_QUOTED_INCLUDE_IN_FRAMEWORK_HEADER = YES;
				CLANG_WARN_RANGE_LOOP_ANALYSIS = YES;
				CLANG_WARN_STRICT_PROTOTYPES = YES;
				CLANG_WARN_SUSPICIOUS_MOVE = YES;
				CLANG_WARN_UNGUARDED_AVAILABILITY = YES_AGGRESSIVE;
				CLANG_WARN_UNREACHABLE_CODE = YES;
				CLANG_WARN__DUPLICATE_METHOD_MATCH = YES;
				COPY_PHASE_STRIP = NO;
				DEBUG_INFORMATION_FORMAT = dwarf;
				ENABLE_STRICT_OBJC_MSGSEND = YES;
				ENABLE_TESTABILITY = YES;
				ENABLE_USER_SCRIPT_SANDBOXING = YES;
				GCC_C_LANGUAGE_STANDARD = gnu17;
				GCC_DYNAMIC_NO_PIC = NO;
				GCC_NO_COMMON_BLOCKS = YES;
				GCC_OPTIMIZATION_LEVEL = 0;
				GCC_PREPROCESSOR_DEFINITIONS = (
					"DEBUG=1",
					"$(inherited)",
				);
				GCC_WARN_64_TO_32_BIT_CONVERSION = YES;
				GCC_WARN_ABOUT_RETURN_TYPE = YES_ERROR;
				GCC_WARN_UNDECLARED_SELECTOR = YES;
				GCC_WARN_UNINITIALIZED_AUTOS = YES_AGGRESSIVE;
				GCC_WARN_UNUSED_FUNCTION = YES;
				GCC_WARN_UNUSED_VARIABLE = YES;
				IPHONEOS_DEPLOYMENT_TARGET = 17.2;
				LOCALIZATION_PREFERS_STRING_CATALOGS = YES;
				MTL_ENABLE_DEBUG_INFO = INCLUDE_SOURCE;
				MTL_FAST_MATH = YES;
				ONLY_ACTIVE_ARCH = YES;
				SDKROOT = iphoneos;
			};
			name = Debug;
		};
		A27177E22B98641600D44CAC /* Release */ = {
			isa = XCBuildConfiguration;
			buildSettings = {
				ALWAYS_SEARCH_USER_PATHS = NO;
				ASSETCATALOG_COMPILER_GENERATE_SWIFT_ASSET_SYMBOL_EXTENSIONS = YES;
				CLANG_ANALYZER_NONNULL = YES;
				CLANG_ANALYZER_NUMBER_OBJECT_CONVERSION = YES_AGGRESSIVE;
				CLANG_CXX_LANGUAGE_STANDARD = "gnu++20";
				CLANG_ENABLE_MODULES = YES;
				CLANG_ENABLE_OBJC_ARC = YES;
				CLANG_ENABLE_OBJC_WEAK = YES;
				CLANG_WARN_BLOCK_CAPTURE_AUTORELEASING = YES;
				CLANG_WARN_BOOL_CONVERSION = YES;
				CLANG_WARN_COMMA = YES;
				CLANG_WARN_CONSTANT_CONVERSION = YES;
				CLANG_WARN_DEPRECATED_OBJC_IMPLEMENTATIONS = YES;
				CLANG_WARN_DIRECT_OBJC_ISA_USAGE = YES_ERROR;
				CLANG_WARN_DOCUMENTATION_COMMENTS = YES;
				CLANG_WARN_EMPTY_BODY = YES;
				CLANG_WARN_ENUM_CONVERSION = YES;
				CLANG_WARN_INFINITE_RECURSION = YES;
				CLANG_WARN_INT_CONVERSION = YES;
				CLANG_WARN_NON_LITERAL_NULL_CONVERSION = YES;
				CLANG_WARN_OBJC_IMPLICIT_RETAIN_SELF = YES;
				CLANG_WARN_OBJC_LITERAL_CONVERSION = YES;
				CLANG_WARN_OBJC_ROOT_CLASS = YES_ERROR;
				CLANG_WARN_QUOTED_INCLUDE_IN_FRAMEWORK_HEADER = YES;
				CLANG_WARN_RANGE_LOOP_ANALYSIS = YES;
				CLANG_WARN_STRICT_PROTOTYPES = YES;
				CLANG_WARN_SUSPICIOUS_MOVE = YES;
				CLANG_WARN_UNGUARDED_AVAILABILITY = YES_AGGRESSIVE;
				CLANG_WARN_UNREACHABLE_CODE = YES;
				CLANG_WARN__DUPLICATE_METHOD_MATCH = YES;
				COPY_PHASE_STRIP = NO;
				DEBUG_INFORMATION_FORMAT = "dwarf-with-dsym";
				ENABLE_NS_ASSERTIONS = NO;
				ENABLE_STRICT_OBJC_MSGSEND = YES;
				ENABLE_USER_SCRIPT_SANDBOXING = YES;
				GCC_C_LANGUAGE_STANDARD = gnu17;
				GCC_NO_COMMON_BLOCKS = YES;
				GCC_WARN_64_TO_32_BIT_CONVERSION = YES;
				GCC_WARN_ABOUT_RETURN_TYPE = YES_ERROR;
				GCC_WARN_UNDECLARED_SELECTOR = YES;
				GCC_WARN_UNINITIALIZED_AUTOS = YES_AGGRESSIVE;
				GCC_WARN_UNUSED_FUNCTION = YES;
				GCC_WARN_UNUSED_VARIABLE = YES;
				IPHONEOS_DEPLOYMENT_TARGET = 17.2;
				LOCALIZATION_PREFERS_STRING_CATALOGS = YES;
				MTL_ENABLE_DEBUG_INFO = NO;
				MTL_FAST_MATH = YES;
				SDKROOT = iphoneos;
				VALIDATE_PRODUCT = YES;
			};
			name = Release;
		};
		A27177E42B98641600D44CAC /* Debug */ = {
			isa = XCBuildConfiguration;
			buildSettings = {
				ASSETCATALOG_COMPILER_APPICON_NAME = AppIcon;
				ASSETCATALOG_COMPILER_GLOBAL_ACCENT_COLOR_NAME = AccentColor;
				CODE_SIGN_STYLE = Automatic;
				CURRENT_PROJECT_VERSION = 1;
				DEVELOPMENT_TEAM = X674K26B5T;
				GENERATE_INFOPLIST_FILE = YES;
				INFOPLIST_FILE = AVFoundationTest/Info.plist;
				INFOPLIST_KEY_UIApplicationSupportsIndirectInputEvents = YES;
				INFOPLIST_KEY_UILaunchStoryboardName = LaunchScreen;
				INFOPLIST_KEY_UIMainStoryboardFile = Main;
				INFOPLIST_KEY_UISupportedInterfaceOrientations_iPad = "UIInterfaceOrientationPortrait UIInterfaceOrientationPortraitUpsideDown UIInterfaceOrientationLandscapeLeft UIInterfaceOrientationLandscapeRight";
				INFOPLIST_KEY_UISupportedInterfaceOrientations_iPhone = "UIInterfaceOrientationPortrait UIInterfaceOrientationLandscapeLeft UIInterfaceOrientationLandscapeRight";
				LD_RUNPATH_SEARCH_PATHS = (
					"$(inherited)",
					"@executable_path/Frameworks",
				);
				MARKETING_VERSION = 1.0;
				PRODUCT_BUNDLE_IDENTIFIER = "-.AVFoundationTest";
				PRODUCT_NAME = "$(TARGET_NAME)";
				SWIFT_EMIT_LOC_STRINGS = YES;
				TARGETED_DEVICE_FAMILY = "1,2";
			};
			name = Debug;
		};
		A27177E52B98641600D44CAC /* Release */ = {
			isa = XCBuildConfiguration;
			buildSettings = {
				ASSETCATALOG_COMPILER_APPICON_NAME = AppIcon;
				ASSETCATALOG_COMPILER_GLOBAL_ACCENT_COLOR_NAME = AccentColor;
				CODE_SIGN_STYLE = Automatic;
				CURRENT_PROJECT_VERSION = 1;
				DEVELOPMENT_TEAM = X674K26B5T;
				GENERATE_INFOPLIST_FILE = YES;
				INFOPLIST_FILE = AVFoundationTest/Info.plist;
				INFOPLIST_KEY_UIApplicationSupportsIndirectInputEvents = YES;
				INFOPLIST_KEY_UILaunchStoryboardName = LaunchScreen;
				INFOPLIST_KEY_UIMainStoryboardFile = Main;
				INFOPLIST_KEY_UISupportedInterfaceOrientations_iPad = "UIInterfaceOrientationPortrait UIInterfaceOrientationPortraitUpsideDown UIInterfaceOrientationLandscapeLeft UIInterfaceOrientationLandscapeRight";
				INFOPLIST_KEY_UISupportedInterfaceOrientations_iPhone = "UIInterfaceOrientationPortrait UIInterfaceOrientationLandscapeLeft UIInterfaceOrientationLandscapeRight";
				LD_RUNPATH_SEARCH_PATHS = (
					"$(inherited)",
					"@executable_path/Frameworks",
				);
				MARKETING_VERSION = 1.0;
				PRODUCT_BUNDLE_IDENTIFIER = "-.AVFoundationTest";
				PRODUCT_NAME = "$(TARGET_NAME)";
				SWIFT_EMIT_LOC_STRINGS = YES;
				TARGETED_DEVICE_FAMILY = "1,2";
			};
			name = Release;
		};
/* End XCBuildConfiguration section */

/* Begin XCConfigurationList section */
		A27177C52B98641300D44CAC /* Build configuration list for PBXProject "AVFoundationTest" */ = {
			isa = XCConfigurationList;
			buildConfigurations = (
				A27177E12B98641600D44CAC /* Debug */,
				A27177E22B98641600D44CAC /* Release */,
			);
			defaultConfigurationIsVisible = 0;
			defaultConfigurationName = Release;
		};
		A27177E32B98641600D44CAC /* Build configuration list for PBXNativeTarget "AVFoundationTest" */ = {
			isa = XCConfigurationList;
			buildConfigurations = (
				A27177E42B98641600D44CAC /* Debug */,
				A27177E52B98641600D44CAC /* Release */,
			);
			defaultConfigurationIsVisible = 0;
			defaultConfigurationName = Release;
		};
/* End XCConfigurationList section */
	};
	rootObject = A27177C22B98641300D44CAC /* Project object */;
}
