// !$*UTF8*$!
{
	archiveVersion = 1;
	classes = {
	};
	objectVersion = 56;
	objects = {

/* Begin PBXBuildFile section */
		A2DDBAC72ADD848000CD9336 /* AppDelegate.m in Sources */ = {isa = PBXBuildFile; fileRef = A2DDBAC62ADD848000CD9336 /* AppDelegate.m */; };
		A2DDBACA2ADD848000CD9336 /* SceneDelegate.m in Sources */ = {isa = PBXBuildFile; fileRef = A2DDBAC92ADD848000CD9336 /* SceneDelegate.m */; };
		A2DDBACD2ADD848000CD9336 /* ViewController.m in Sources */ = {isa = PBXBuildFile; fileRef = A2DDBACC2ADD848000CD9336 /* ViewController.m */; };
		A2DDBAD02ADD848000CD9336 /* Main.storyboard in Resources */ = {isa = PBXBuildFile; fileRef = A2DDBACE2ADD848000CD9336 /* Main.storyboard */; };
		A2DDBAD22ADD848100CD9336 /* Assets.xcassets in Resources */ = {isa = PBXBuildFile; fileRef = A2DDBAD12ADD848100CD9336 /* Assets.xcassets */; };
		A2DDBAD52ADD848100CD9336 /* LaunchScreen.storyboard in Resources */ = {isa = PBXBuildFile; fileRef = A2DDBAD32ADD848100CD9336 /* LaunchScreen.storyboard */; };
		A2DDBAD82ADD848100CD9336 /* main.m in Sources */ = {isa = PBXBuildFile; fileRef = A2DDBAD72ADD848100CD9336 /* main.m */; };
		A2DDBAE02ADD84AA00CD9336 /* MyCell.m in Sources */ = {isa = PBXBuildFile; fileRef = A2DDBADF2ADD84AA00CD9336 /* MyCell.m */; };
/* End PBXBuildFile section */

/* Begin PBXFileReference section */
		A2DDBAC22ADD848000CD9336 /* 自定义Cell.app */ = {isa = PBXFileReference; explicitFileType = wrapper.application; includeInIndex = 0; path = "自定义Cell.app"; sourceTree = BUILT_PRODUCTS_DIR; };
		A2DDBAC52ADD848000CD9336 /* AppDelegate.h */ = {isa = PBXFileReference; lastKnownFileType = sourcecode.c.h; path = AppDelegate.h; sourceTree = "<group>"; };
		A2DDBAC62ADD848000CD9336 /* AppDelegate.m */ = {isa = PBXFileReference; lastKnownFileType = sourcecode.c.objc; path = AppDelegate.m; sourceTree = "<group>"; };
		A2DDBAC82ADD848000CD9336 /* SceneDelegate.h */ = {isa = PBXFileReference; lastKnownFileType = sourcecode.c.h; path = SceneDelegate.h; sourceTree = "<group>"; };
		A2DDBAC92ADD848000CD9336 /* SceneDelegate.m */ = {isa = PBXFileReference; lastKnownFileType = sourcecode.c.objc; path = SceneDelegate.m; sourceTree = "<group>"; };
		A2DDBACB2ADD848000CD9336 /* ViewController.h */ = {isa = PBXFileReference; lastKnownFileType = sourcecode.c.h; path = ViewController.h; sourceTree = "<group>"; };
		A2DDBACC2ADD848000CD9336 /* ViewController.m */ = {isa = PBXFileReference; lastKnownFileType = sourcecode.c.objc; path = ViewController.m; sourceTree = "<group>"; };
		A2DDBACF2ADD848000CD9336 /* Base */ = {isa = PBXFileReference; lastKnownFileType = file.storyboard; name = Base; path = Base.lproj/Main.storyboard; sourceTree = "<group>"; };
		A2DDBAD12ADD848100CD9336 /* Assets.xcassets */ = {isa = PBXFileReference; lastKnownFileType = folder.assetcatalog; path = Assets.xcassets; sourceTree = "<group>"; };
		A2DDBAD42ADD848100CD9336 /* Base */ = {isa = PBXFileReference; lastKnownFileType = file.storyboard; name = Base; path = Base.lproj/LaunchScreen.storyboard; sourceTree = "<group>"; };
		A2DDBAD62ADD848100CD9336 /* Info.plist */ = {isa = PBXFileReference; lastKnownFileType = text.plist.xml; path = Info.plist; sourceTree = "<group>"; };
		A2DDBAD72ADD848100CD9336 /* main.m */ = {isa = PBXFileReference; lastKnownFileType = sourcecode.c.objc; path = main.m; sourceTree = "<group>"; };
		A2DDBADE2ADD84AA00CD9336 /* MyCell.h */ = {isa = PBXFileReference; lastKnownFileType = sourcecode.c.h; path = MyCell.h; sourceTree = "<group>"; };
		A2DDBADF2ADD84AA00CD9336 /* MyCell.m */ = {isa = PBXFileReference; lastKnownFileType = sourcecode.c.objc; path = MyCell.m; sourceTree = "<group>"; };
/* End PBXFileReference section */

/* Begin PBXFrameworksBuildPhase section */
		A2DDBABF2ADD848000CD9336 /* Frameworks */ = {
			isa = PBXFrameworksBuildPhase;
			buildActionMask = 2147483647;
			files = (
			);
			runOnlyForDeploymentPostprocessing = 0;
		};
/* End PBXFrameworksBuildPhase section */

/* Begin PBXGroup section */
		A2DDBAB92ADD848000CD9336 = {
			isa = PBXGroup;
			children = (
				A2DDBAC42ADD848000CD9336 /* 自定义Cell */,
				A2DDBAC32ADD848000CD9336 /* Products */,
			);
			sourceTree = "<group>";
		};
		A2DDBAC32ADD848000CD9336 /* Products */ = {
			isa = PBXGroup;
			children = (
				A2DDBAC22ADD848000CD9336 /* 自定义Cell.app */,
			);
			name = Products;
			sourceTree = "<group>";
		};
		A2DDBAC42ADD848000CD9336 /* 自定义Cell */ = {
			isa = PBXGroup;
			children = (
				A2DDBAC52ADD848000CD9336 /* AppDelegate.h */,
				A2DDBAC62ADD848000CD9336 /* AppDelegate.m */,
				A2DDBAC82ADD848000CD9336 /* SceneDelegate.h */,
				A2DDBAC92ADD848000CD9336 /* SceneDelegate.m */,
				A2DDBACB2ADD848000CD9336 /* ViewController.h */,
				A2DDBACC2ADD848000CD9336 /* ViewController.m */,
				A2DDBADE2ADD84AA00CD9336 /* MyCell.h */,
				A2DDBADF2ADD84AA00CD9336 /* MyCell.m */,
				A2DDBACE2ADD848000CD9336 /* Main.storyboard */,
				A2DDBAD12ADD848100CD9336 /* Assets.xcassets */,
				A2DDBAD32ADD848100CD9336 /* LaunchScreen.storyboard */,
				A2DDBAD62ADD848100CD9336 /* Info.plist */,
				A2DDBAD72ADD848100CD9336 /* main.m */,
			);
			path = "自定义Cell";
			sourceTree = "<group>";
		};
/* End PBXGroup section */

/* Begin PBXNativeTarget section */
		A2DDBAC12ADD848000CD9336 /* 自定义Cell */ = {
			isa = PBXNativeTarget;
			buildConfigurationList = A2DDBADB2ADD848100CD9336 /* Build configuration list for PBXNativeTarget "自定义Cell" */;
			buildPhases = (
				A2DDBABE2ADD848000CD9336 /* Sources */,
				A2DDBABF2ADD848000CD9336 /* Frameworks */,
				A2DDBAC02ADD848000CD9336 /* Resources */,
			);
			buildRules = (
			);
			dependencies = (
			);
			name = "自定义Cell";
			productName = "自定义Cell";
			productReference = A2DDBAC22ADD848000CD9336 /* 自定义Cell.app */;
			productType = "com.apple.product-type.application";
		};
/* End PBXNativeTarget section */

/* Begin PBXProject section */
		A2DDBABA2ADD848000CD9336 /* Project object */ = {
			isa = PBXProject;
			attributes = {
				BuildIndependentTargetsInParallel = 1;
				LastUpgradeCheck = 1430;
				TargetAttributes = {
					A2DDBAC12ADD848000CD9336 = {
						CreatedOnToolsVersion = 14.3;
					};
				};
			};
			buildConfigurationList = A2DDBABD2ADD848000CD9336 /* Build configuration list for PBXProject "自定义Cell" */;
			compatibilityVersion = "Xcode 14.0";
			developmentRegion = en;
			hasScannedForEncodings = 0;
			knownRegions = (
				en,
				Base,
			);
			mainGroup = A2DDBAB92ADD848000CD9336;
			productRefGroup = A2DDBAC32ADD848000CD9336 /* Products */;
			projectDirPath = "";
			projectRoot = "";
			targets = (
				A2DDBAC12ADD848000CD9336 /* 自定义Cell */,
			);
		};
/* End PBXProject section */

/* Begin PBXResourcesBuildPhase section */
		A2DDBAC02ADD848000CD9336 /* Resources */ = {
			isa = PBXResourcesBuildPhase;
			buildActionMask = 2147483647;
			files = (
				A2DDBAD52ADD848100CD9336 /* LaunchScreen.storyboard in Resources */,
				A2DDBAD22ADD848100CD9336 /* Assets.xcassets in Resources */,
				A2DDBAD02ADD848000CD9336 /* Main.storyboard in Resources */,
			);
			runOnlyForDeploymentPostprocessing = 0;
		};
/* End PBXResourcesBuildPhase section */

/* Begin PBXSourcesBuildPhase section */
		A2DDBABE2ADD848000CD9336 /* Sources */ = {
			isa = PBXSourcesBuildPhase;
			buildActionMask = 2147483647;
			files = (
				A2DDBACD2ADD848000CD9336 /* ViewController.m in Sources */,
				A2DDBAC72ADD848000CD9336 /* AppDelegate.m in Sources */,
				A2DDBAD82ADD848100CD9336 /* main.m in Sources */,
				A2DDBAE02ADD84AA00CD9336 /* MyCell.m in Sources */,
				A2DDBACA2ADD848000CD9336 /* SceneDelegate.m in Sources */,
			);
			runOnlyForDeploymentPostprocessing = 0;
		};
/* End PBXSourcesBuildPhase section */

/* Begin PBXVariantGroup section */
		A2DDBACE2ADD848000CD9336 /* Main.storyboard */ = {
			isa = PBXVariantGroup;
			children = (
				A2DDBACF2ADD848000CD9336 /* Base */,
			);
			name = Main.storyboard;
			sourceTree = "<group>";
		};
		A2DDBAD32ADD848100CD9336 /* LaunchScreen.storyboard */ = {
			isa = PBXVariantGroup;
			children = (
				A2DDBAD42ADD848100CD9336 /* Base */,
			);
			name = LaunchScreen.storyboard;
			sourceTree = "<group>";
		};
/* End PBXVariantGroup section */

/* Begin XCBuildConfiguration section */
		A2DDBAD92ADD848100CD9336 /* Debug */ = {
			isa = XCBuildConfiguration;
			buildSettings = {
				ALWAYS_SEARCH_USER_PATHS = NO;
				CLANG_ANALYZER_NONNULL = YES;
				CLANG_ANALYZER_NUMBER_OBJECT_CONVERSION = YES_AGGRESSIVE;
				CLANG_CXX_LANGUAGE_STANDARD = "gnu++20";
				CLANG_ENABLE_MODULES = YES;
				CLANG_ENABLE_OBJC_ARC = YES;
				CLANG_ENABLE_OBJC_WEAK = YES;
				CLANG_WARN_BLOCK_CAPTURE_AUTORELEASING = YES;
				CLANG_WARN_BOOL_CONVERSION = YES;
				CLANG_WARN_COMMA = YES;
				CLANG_WARN_CONSTANT_CONVERSION = YES;
				CLANG_WARN_DEPRECATED_OBJC_IMPLEMENTATIONS = YES;
				CLANG_WARN_DIRECT_OBJC_ISA_USAGE = YES_ERROR;
				CLANG_WARN_DOCUMENTATION_COMMENTS = YES;
				CLANG_WARN_EMPTY_BODY = YES;
				CLANG_WARN_ENUM_CONVERSION = YES;
				CLANG_WARN_INFINITE_RECURSION = YES;
				CLANG_WARN_INT_CONVERSION = YES;
				CLANG_WARN_NON_LITERAL_NULL_CONVERSION = YES;
				CLANG_WARN_OBJC_IMPLICIT_RETAIN_SELF = YES;
				CLANG_WARN_OBJC_LITERAL_CONVERSION = YES;
				CLANG_WARN_OBJC_ROOT_CLASS = YES_ERROR;
				CLANG_WARN_QUOTED_INCLUDE_IN_FRAMEWORK_HEADER = YES;
				CLANG_WARN_RANGE_LOOP_ANALYSIS = YES;
				CLANG_WARN_STRICT_PROTOTYPES = YES;
				CLANG_WARN_SUSPICIOUS_MOVE = YES;
				CLANG_WARN_UNGUARDED_AVAILABILITY = YES_AGGRESSIVE;
				CLANG_WARN_UNREACHABLE_CODE = YES;
				CLANG_WARN__DUPLICATE_METHOD_MATCH = YES;
				COPY_PHASE_STRIP = NO;
				DEBUG_INFORMATION_FORMAT = dwarf;
				ENABLE_STRICT_OBJC_MSGSEND = YES;
				ENABLE_TESTABILITY = YES;
				GCC_C_LANGUAGE_STANDARD = gnu11;
				GCC_DYNAMIC_NO_PIC = NO;
				GCC_NO_COMMON_BLOCKS = YES;
				GCC_OPTIMIZATION_LEVEL = 0;
				GCC_PREPROCESSOR_DEFINITIONS = (
					"DEBUG=1",
					"$(inherited)",
				);
				GCC_WARN_64_TO_32_BIT_CONVERSION = YES;
				GCC_WARN_ABOUT_RETURN_TYPE = YES_ERROR;
				GCC_WARN_UNDECLARED_SELECTOR = YES;
				GCC_WARN_UNINITIALIZED_AUTOS = YES_AGGRESSIVE;
				GCC_WARN_UNUSED_FUNCTION = YES;
				GCC_WARN_UNUSED_VARIABLE = YES;
				IPHONEOS_DEPLOYMENT_TARGET = 16.4;
				MTL_ENABLE_DEBUG_INFO = INCLUDE_SOURCE;
				MTL_FAST_MATH = YES;
				ONLY_ACTIVE_ARCH = YES;
				SDKROOT = iphoneos;
			};
			name = Debug;
		};
		A2DDBADA2ADD848100CD9336 /* Release */ = {
			isa = XCBuildConfiguration;
			buildSettings = {
				ALWAYS_SEARCH_USER_PATHS = NO;
				CLANG_ANALYZER_NONNULL = YES;
				CLANG_ANALYZER_NUMBER_OBJECT_CONVERSION = YES_AGGRESSIVE;
				CLANG_CXX_LANGUAGE_STANDARD = "gnu++20";
				CLANG_ENABLE_MODULES = YES;
				CLANG_ENABLE_OBJC_ARC = YES;
				CLANG_ENABLE_OBJC_WEAK = YES;
				CLANG_WARN_BLOCK_CAPTURE_AUTORELEASING = YES;
				CLANG_WARN_BOOL_CONVERSION = YES;
				CLANG_WARN_COMMA = YES;
				CLANG_WARN_CONSTANT_CONVERSION = YES;
				CLANG_WARN_DEPRECATED_OBJC_IMPLEMENTATIONS = YES;
				CLANG_WARN_DIRECT_OBJC_ISA_USAGE = YES_ERROR;
				CLANG_WARN_DOCUMENTATION_COMMENTS = YES;
				CLANG_WARN_EMPTY_BODY = YES;
				CLANG_WARN_ENUM_CONVERSION = YES;
				CLANG_WARN_INFINITE_RECURSION = YES;
				CLANG_WARN_INT_CONVERSION = YES;
				CLANG_WARN_NON_LITERAL_NULL_CONVERSION = YES;
				CLANG_WARN_OBJC_IMPLICIT_RETAIN_SELF = YES;
				CLANG_WARN_OBJC_LITERAL_CONVERSION = YES;
				CLANG_WARN_OBJC_ROOT_CLASS = YES_ERROR;
				CLANG_WARN_QUOTED_INCLUDE_IN_FRAMEWORK_HEADER = YES;
				CLANG_WARN_RANGE_LOOP_ANALYSIS = YES;
				CLANG_WARN_STRICT_PROTOTYPES = YES;
				CLANG_WARN_SUSPICIOUS_MOVE = YES;
				CLANG_WARN_UNGUARDED_AVAILABILITY = YES_AGGRESSIVE;
				CLANG_WARN_UNREACHABLE_CODE = YES;
				CLANG_WARN__DUPLICATE_METHOD_MATCH = YES;
				COPY_PHASE_STRIP = NO;
				DEBUG_INFORMATION_FORMAT = "dwarf-with-dsym";
				ENABLE_NS_ASSERTIONS = NO;
				ENABLE_STRICT_OBJC_MSGSEND = YES;
				GCC_C_LANGUAGE_STANDARD = gnu11;
				GCC_NO_COMMON_BLOCKS = YES;
				GCC_WARN_64_TO_32_BIT_CONVERSION = YES;
				GCC_WARN_ABOUT_RETURN_TYPE = YES_ERROR;
				GCC_WARN_UNDECLARED_SELECTOR = YES;
				GCC_WARN_UNINITIALIZED_AUTOS = YES_AGGRESSIVE;
				GCC_WARN_UNUSED_FUNCTION = YES;
				GCC_WARN_UNUSED_VARIABLE = YES;
				IPHONEOS_DEPLOYMENT_TARGET = 16.4;
				MTL_ENABLE_DEBUG_INFO = NO;
				MTL_FAST_MATH = YES;
				SDKROOT = iphoneos;
				VALIDATE_PRODUCT = YES;
			};
			name = Release;
		};
		A2DDBADC2ADD848100CD9336 /* Debug */ = {
			isa = XCBuildConfiguration;
			buildSettings = {
				ASSETCATALOG_COMPILER_APPICON_NAME = AppIcon;
				ASSETCATALOG_COMPILER_GLOBAL_ACCENT_COLOR_NAME = AccentColor;
				CODE_SIGN_STYLE = Automatic;
				CURRENT_PROJECT_VERSION = 1;
				GENERATE_INFOPLIST_FILE = YES;
				INFOPLIST_FILE = "自定义Cell/Info.plist";
				INFOPLIST_KEY_UIApplicationSupportsIndirectInputEvents = YES;
				INFOPLIST_KEY_UILaunchStoryboardName = LaunchScreen;
				INFOPLIST_KEY_UIMainStoryboardFile = Main;
				INFOPLIST_KEY_UISupportedInterfaceOrientations_iPad = "UIInterfaceOrientationPortrait UIInterfaceOrientationPortraitUpsideDown UIInterfaceOrientationLandscapeLeft UIInterfaceOrientationLandscapeRight";
				INFOPLIST_KEY_UISupportedInterfaceOrientations_iPhone = "UIInterfaceOrientationPortrait UIInterfaceOrientationLandscapeLeft UIInterfaceOrientationLandscapeRight";
				LD_RUNPATH_SEARCH_PATHS = (
					"$(inherited)",
					"@executable_path/Frameworks",
				);
				MARKETING_VERSION = 1.0;
				PRODUCT_BUNDLE_IDENTIFIER = "-.---Cell";
				PRODUCT_NAME = "$(TARGET_NAME)";
				SWIFT_EMIT_LOC_STRINGS = YES;
				TARGETED_DEVICE_FAMILY = "1,2";
			};
			name = Debug;
		};
		A2DDBADD2ADD848100CD9336 /* Release */ = {
			isa = XCBuildConfiguration;
			buildSettings = {
				ASSETCATALOG_COMPILER_APPICON_NAME = AppIcon;
				ASSETCATALOG_COMPILER_GLOBAL_ACCENT_COLOR_NAME = AccentColor;
				CODE_SIGN_STYLE = Automatic;
				CURRENT_PROJECT_VERSION = 1;
				GENERATE_INFOPLIST_FILE = YES;
				INFOPLIST_FILE = "自定义Cell/Info.plist";
				INFOPLIST_KEY_UIApplicationSupportsIndirectInputEvents = YES;
				INFOPLIST_KEY_UILaunchStoryboardName = LaunchScreen;
				INFOPLIST_KEY_UIMainStoryboardFile = Main;
				INFOPLIST_KEY_UISupportedInterfaceOrientations_iPad = "UIInterfaceOrientationPortrait UIInterfaceOrientationPortraitUpsideDown UIInterfaceOrientationLandscapeLeft UIInterfaceOrientationLandscapeRight";
				INFOPLIST_KEY_UISupportedInterfaceOrientations_iPhone = "UIInterfaceOrientationPortrait UIInterfaceOrientationLandscapeLeft UIInterfaceOrientationLandscapeRight";
				LD_RUNPATH_SEARCH_PATHS = (
					"$(inherited)",
					"@executable_path/Frameworks",
				);
				MARKETING_VERSION = 1.0;
				PRODUCT_BUNDLE_IDENTIFIER = "-.---Cell";
				PRODUCT_NAME = "$(TARGET_NAME)";
				SWIFT_EMIT_LOC_STRINGS = YES;
				TARGETED_DEVICE_FAMILY = "1,2";
			};
			name = Release;
		};
/* End XCBuildConfiguration section */

/* Begin XCConfigurationList section */
		A2DDBABD2ADD848000CD9336 /* Build configuration list for PBXProject "自定义Cell" */ = {
			isa = XCConfigurationList;
			buildConfigurations = (
				A2DDBAD92ADD848100CD9336 /* Debug */,
				A2DDBADA2ADD848100CD9336 /* Release */,
			);
			defaultConfigurationIsVisible = 0;
			defaultConfigurationName = Release;
		};
		A2DDBADB2ADD848100CD9336 /* Build configuration list for PBXNativeTarget "自定义Cell" */ = {
			isa = XCConfigurationList;
			buildConfigurations = (
				A2DDBADC2ADD848100CD9336 /* Debug */,
				A2DDBADD2ADD848100CD9336 /* Release */,
			);
			defaultConfigurationIsVisible = 0;
			defaultConfigurationName = Release;
		};
/* End XCConfigurationList section */
	};
	rootObject = A2DDBABA2ADD848000CD9336 /* Project object */;
}
