// !$*UTF8*$!
{
	archiveVersion = 1;
	classes = {
	};
	objectVersion = 56;
	objects = {

/* Begin PBXBuildFile section */
		A27DC8B82B5CBEE900FBE000 /* AppDelegate.m in Sources */ = {isa = PBXBuildFile; fileRef = A27DC8B72B5CBEE900FBE000 /* AppDelegate.m */; };
		A27DC8BB2B5CBEE900FBE000 /* SceneDelegate.m in Sources */ = {isa = PBXBuildFile; fileRef = A27DC8BA2B5CBEE900FBE000 /* SceneDelegate.m */; };
		A27DC8BE2B5CBEE900FBE000 /* ViewController.m in Sources */ = {isa = PBXBuildFile; fileRef = A27DC8BD2B5CBEE900FBE000 /* ViewController.m */; };
		A27DC8C12B5CBEE900FBE000 /* Main.storyboard in Resources */ = {isa = PBXBuildFile; fileRef = A27DC8BF2B5CBEE900FBE000 /* Main.storyboard */; };
		A27DC8C32B5CBEEB00FBE000 /* Assets.xcassets in Resources */ = {isa = PBXBuildFile; fileRef = A27DC8C22B5CBEEB00FBE000 /* Assets.xcassets */; };
		A27DC8C62B5CBEEB00FBE000 /* LaunchScreen.storyboard in Resources */ = {isa = PBXBuildFile; fileRef = A27DC8C42B5CBEEB00FBE000 /* LaunchScreen.storyboard */; };
		A27DC8C92B5CBEEB00FBE000 /* main.m in Sources */ = {isa = PBXBuildFile; fileRef = A27DC8C82B5CBEEB00FBE000 /* main.m */; };
/* End PBXBuildFile section */

/* Begin PBXFileReference section */
		A27DC8B32B5CBEE900FBE000 /* GET&POST.app */ = {isa = PBXFileReference; explicitFileType = wrapper.application; includeInIndex = 0; path = "GET&POST.app"; sourceTree = BUILT_PRODUCTS_DIR; };
		A27DC8B62B5CBEE900FBE000 /* AppDelegate.h */ = {isa = PBXFileReference; lastKnownFileType = sourcecode.c.h; path = AppDelegate.h; sourceTree = "<group>"; };
		A27DC8B72B5CBEE900FBE000 /* AppDelegate.m */ = {isa = PBXFileReference; lastKnownFileType = sourcecode.c.objc; path = AppDelegate.m; sourceTree = "<group>"; };
		A27DC8B92B5CBEE900FBE000 /* SceneDelegate.h */ = {isa = PBXFileReference; lastKnownFileType = sourcecode.c.h; path = SceneDelegate.h; sourceTree = "<group>"; };
		A27DC8BA2B5CBEE900FBE000 /* SceneDelegate.m */ = {isa = PBXFileReference; lastKnownFileType = sourcecode.c.objc; path = SceneDelegate.m; sourceTree = "<group>"; };
		A27DC8BC2B5CBEE900FBE000 /* ViewController.h */ = {isa = PBXFileReference; lastKnownFileType = sourcecode.c.h; path = ViewController.h; sourceTree = "<group>"; };
		A27DC8BD2B5CBEE900FBE000 /* ViewController.m */ = {isa = PBXFileReference; lastKnownFileType = sourcecode.c.objc; path = ViewController.m; sourceTree = "<group>"; };
		A27DC8C02B5CBEE900FBE000 /* Base */ = {isa = PBXFileReference; lastKnownFileType = file.storyboard; name = Base; path = Base.lproj/Main.storyboard; sourceTree = "<group>"; };
		A27DC8C22B5CBEEB00FBE000 /* Assets.xcassets */ = {isa = PBXFileReference; lastKnownFileType = folder.assetcatalog; path = Assets.xcassets; sourceTree = "<group>"; };
		A27DC8C52B5CBEEB00FBE000 /* Base */ = {isa = PBXFileReference; lastKnownFileType = file.storyboard; name = Base; path = Base.lproj/LaunchScreen.storyboard; sourceTree = "<group>"; };
		A27DC8C72B5CBEEB00FBE000 /* Info.plist */ = {isa = PBXFileReference; lastKnownFileType = text.plist.xml; path = Info.plist; sourceTree = "<group>"; };
		A27DC8C82B5CBEEB00FBE000 /* main.m */ = {isa = PBXFileReference; lastKnownFileType = sourcecode.c.objc; path = main.m; sourceTree = "<group>"; };
/* End PBXFileReference section */

/* Begin PBXFrameworksBuildPhase section */
		A27DC8B02B5CBEE900FBE000 /* Frameworks */ = {
			isa = PBXFrameworksBuildPhase;
			buildActionMask = 2147483647;
			files = (
			);
			runOnlyForDeploymentPostprocessing = 0;
		};
/* End PBXFrameworksBuildPhase section */

/* Begin PBXGroup section */
		A27DC8AA2B5CBEE900FBE000 = {
			isa = PBXGroup;
			children = (
				A27DC8B52B5CBEE900FBE000 /* GET&POST */,
				A27DC8B42B5CBEE900FBE000 /* Products */,
			);
			sourceTree = "<group>";
		};
		A27DC8B42B5CBEE900FBE000 /* Products */ = {
			isa = PBXGroup;
			children = (
				A27DC8B32B5CBEE900FBE000 /* GET&POST.app */,
			);
			name = Products;
			sourceTree = "<group>";
		};
		A27DC8B52B5CBEE900FBE000 /* GET&POST */ = {
			isa = PBXGroup;
			children = (
				A27DC8B62B5CBEE900FBE000 /* AppDelegate.h */,
				A27DC8B72B5CBEE900FBE000 /* AppDelegate.m */,
				A27DC8B92B5CBEE900FBE000 /* SceneDelegate.h */,
				A27DC8BA2B5CBEE900FBE000 /* SceneDelegate.m */,
				A27DC8BC2B5CBEE900FBE000 /* ViewController.h */,
				A27DC8BD2B5CBEE900FBE000 /* ViewController.m */,
				A27DC8BF2B5CBEE900FBE000 /* Main.storyboard */,
				A27DC8C22B5CBEEB00FBE000 /* Assets.xcassets */,
				A27DC8C42B5CBEEB00FBE000 /* LaunchScreen.storyboard */,
				A27DC8C72B5CBEEB00FBE000 /* Info.plist */,
				A27DC8C82B5CBEEB00FBE000 /* main.m */,
			);
			path = "GET&POST";
			sourceTree = "<group>";
		};
/* End PBXGroup section */

/* Begin PBXNativeTarget section */
		A27DC8B22B5CBEE900FBE000 /* GET&POST */ = {
			isa = PBXNativeTarget;
			buildConfigurationList = A27DC8CC2B5CBEEB00FBE000 /* Build configuration list for PBXNativeTarget "GET&POST" */;
			buildPhases = (
				A27DC8AF2B5CBEE900FBE000 /* Sources */,
				A27DC8B02B5CBEE900FBE000 /* Frameworks */,
				A27DC8B12B5CBEE900FBE000 /* Resources */,
			);
			buildRules = (
			);
			dependencies = (
			);
			name = "GET&POST";
			productName = "GET&POST";
			productReference = A27DC8B32B5CBEE900FBE000 /* GET&POST.app */;
			productType = "com.apple.product-type.application";
		};
/* End PBXNativeTarget section */

/* Begin PBXProject section */
		A27DC8AB2B5CBEE900FBE000 /* Project object */ = {
			isa = PBXProject;
			attributes = {
				BuildIndependentTargetsInParallel = 1;
				LastUpgradeCheck = 1520;
				TargetAttributes = {
					A27DC8B22B5CBEE900FBE000 = {
						CreatedOnToolsVersion = 15.2;
					};
				};
			};
			buildConfigurationList = A27DC8AE2B5CBEE900FBE000 /* Build configuration list for PBXProject "GET&POST" */;
			compatibilityVersion = "Xcode 14.0";
			developmentRegion = en;
			hasScannedForEncodings = 0;
			knownRegions = (
				en,
				Base,
			);
			mainGroup = A27DC8AA2B5CBEE900FBE000;
			productRefGroup = A27DC8B42B5CBEE900FBE000 /* Products */;
			projectDirPath = "";
			projectRoot = "";
			targets = (
				A27DC8B22B5CBEE900FBE000 /* GET&POST */,
			);
		};
/* End PBXProject section */

/* Begin PBXResourcesBuildPhase section */
		A27DC8B12B5CBEE900FBE000 /* Resources */ = {
			isa = PBXResourcesBuildPhase;
			buildActionMask = 2147483647;
			files = (
				A27DC8C62B5CBEEB00FBE000 /* LaunchScreen.storyboard in Resources */,
				A27DC8C32B5CBEEB00FBE000 /* Assets.xcassets in Resources */,
				A27DC8C12B5CBEE900FBE000 /* Main.storyboard in Resources */,
			);
			runOnlyForDeploymentPostprocessing = 0;
		};
/* End PBXResourcesBuildPhase section */

/* Begin PBXSourcesBuildPhase section */
		A27DC8AF2B5CBEE900FBE000 /* Sources */ = {
			isa = PBXSourcesBuildPhase;
			buildActionMask = 2147483647;
			files = (
				A27DC8BE2B5CBEE900FBE000 /* ViewController.m in Sources */,
				A27DC8B82B5CBEE900FBE000 /* AppDelegate.m in Sources */,
				A27DC8C92B5CBEEB00FBE000 /* main.m in Sources */,
				A27DC8BB2B5CBEE900FBE000 /* SceneDelegate.m in Sources */,
			);
			runOnlyForDeploymentPostprocessing = 0;
		};
/* End PBXSourcesBuildPhase section */

/* Begin PBXVariantGroup section */
		A27DC8BF2B5CBEE900FBE000 /* Main.storyboard */ = {
			isa = PBXVariantGroup;
			children = (
				A27DC8C02B5CBEE900FBE000 /* Base */,
			);
			name = Main.storyboard;
			sourceTree = "<group>";
		};
		A27DC8C42B5CBEEB00FBE000 /* LaunchScreen.storyboard */ = {
			isa = PBXVariantGroup;
			children = (
				A27DC8C52B5CBEEB00FBE000 /* Base */,
			);
			name = LaunchScreen.storyboard;
			sourceTree = "<group>";
		};
/* End PBXVariantGroup section */

/* Begin XCBuildConfiguration section */
		A27DC8CA2B5CBEEB00FBE000 /* Debug */ = {
			isa = XCBuildConfiguration;
			buildSettings = {
				ALWAYS_SEARCH_USER_PATHS = NO;
				ASSETCATALOG_COMPILER_GENERATE_SWIFT_ASSET_SYMBOL_EXTENSIONS = YES;
				CLANG_ANALYZER_NONNULL = YES;
				CLANG_ANALYZER_NUMBER_OBJECT_CONVERSION = YES_AGGRESSIVE;
				CLANG_CXX_LANGUAGE_STANDARD = "gnu++20";
				CLANG_ENABLE_MODULES = YES;
				CLANG_ENABLE_OBJC_ARC = YES;
				CLANG_ENABLE_OBJC_WEAK = YES;
				CLANG_WARN_BLOCK_CAPTURE_AUTORELEASING = YES;
				CLANG_WARN_BOOL_CONVERSION = YES;
				CLANG_WARN_COMMA = YES;
				CLANG_WARN_CONSTANT_CONVERSION = YES;
				CLANG_WARN_DEPRECATED_OBJC_IMPLEMENTATIONS = YES;
				CLANG_WARN_DIRECT_OBJC_ISA_USAGE = YES_ERROR;
				CLANG_WARN_DOCUMENTATION_COMMENTS = YES;
				CLANG_WARN_EMPTY_BODY = YES;
				CLANG_WARN_ENUM_CONVERSION = YES;
				CLANG_WARN_INFINITE_RECURSION = YES;
				CLANG_WARN_INT_CONVERSION = YES;
				CLANG_WARN_NON_LITERAL_NULL_CONVERSION = YES;
				CLANG_WARN_OBJC_IMPLICIT_RETAIN_SELF = YES;
				CLANG_WARN_OBJC_LITERAL_CONVERSION = YES;
				CLANG_WARN_OBJC_ROOT_CLASS = YES_ERROR;
				CLANG_WARN_QUOTED_INCLUDE_IN_FRAMEWORK_HEADER = YES;
				CLANG_WARN_RANGE_LOOP_ANALYSIS = YES;
				CLANG_WARN_STRICT_PROTOTYPES = YES;
				CLANG_WARN_SUSPICIOUS_MOVE = YES;
				CLANG_WARN_UNGUARDED_AVAILABILITY = YES_AGGRESSIVE;
				CLANG_WARN_UNREACHABLE_CODE = YES;
				CLANG_WARN__DUPLICATE_METHOD_MATCH = YES;
				COPY_PHASE_STRIP = NO;
				DEBUG_INFORMATION_FORMAT = dwarf;
				ENABLE_STRICT_OBJC_MSGSEND = YES;
				ENABLE_TESTABILITY = YES;
				ENABLE_USER_SCRIPT_SANDBOXING = YES;
				GCC_C_LANGUAGE_STANDARD = gnu17;
				GCC_DYNAMIC_NO_PIC = NO;
				GCC_NO_COMMON_BLOCKS = YES;
				GCC_OPTIMIZATION_LEVEL = 0;
				GCC_PREPROCESSOR_DEFINITIONS = (
					"DEBUG=1",
					"$(inherited)",
				);
				GCC_WARN_64_TO_32_BIT_CONVERSION = YES;
				GCC_WARN_ABOUT_RETURN_TYPE = YES_ERROR;
				GCC_WARN_UNDECLARED_SELECTOR = YES;
				GCC_WARN_UNINITIALIZED_AUTOS = YES_AGGRESSIVE;
				GCC_WARN_UNUSED_FUNCTION = YES;
				GCC_WARN_UNUSED_VARIABLE = YES;
				IPHONEOS_DEPLOYMENT_TARGET = 17.2;
				LOCALIZATION_PREFERS_STRING_CATALOGS = YES;
				MTL_ENABLE_DEBUG_INFO = INCLUDE_SOURCE;
				MTL_FAST_MATH = YES;
				ONLY_ACTIVE_ARCH = YES;
				SDKROOT = iphoneos;
			};
			name = Debug;
		};
		A27DC8CB2B5CBEEB00FBE000 /* Release */ = {
			isa = XCBuildConfiguration;
			buildSettings = {
				ALWAYS_SEARCH_USER_PATHS = NO;
				ASSETCATALOG_COMPILER_GENERATE_SWIFT_ASSET_SYMBOL_EXTENSIONS = YES;
				CLANG_ANALYZER_NONNULL = YES;
				CLANG_ANALYZER_NUMBER_OBJECT_CONVERSION = YES_AGGRESSIVE;
				CLANG_CXX_LANGUAGE_STANDARD = "gnu++20";
				CLANG_ENABLE_MODULES = YES;
				CLANG_ENABLE_OBJC_ARC = YES;
				CLANG_ENABLE_OBJC_WEAK = YES;
				CLANG_WARN_BLOCK_CAPTURE_AUTORELEASING = YES;
				CLANG_WARN_BOOL_CONVERSION = YES;
				CLANG_WARN_COMMA = YES;
				CLANG_WARN_CONSTANT_CONVERSION = YES;
				CLANG_WARN_DEPRECATED_OBJC_IMPLEMENTATIONS = YES;
				CLANG_WARN_DIRECT_OBJC_ISA_USAGE = YES_ERROR;
				CLANG_WARN_DOCUMENTATION_COMMENTS = YES;
				CLANG_WARN_EMPTY_BODY = YES;
				CLANG_WARN_ENUM_CONVERSION = YES;
				CLANG_WARN_INFINITE_RECURSION = YES;
				CLANG_WARN_INT_CONVERSION = YES;
				CLANG_WARN_NON_LITERAL_NULL_CONVERSION = YES;
				CLANG_WARN_OBJC_IMPLICIT_RETAIN_SELF = YES;
				CLANG_WARN_OBJC_LITERAL_CONVERSION = YES;
				CLANG_WARN_OBJC_ROOT_CLASS = YES_ERROR;
				CLANG_WARN_QUOTED_INCLUDE_IN_FRAMEWORK_HEADER = YES;
				CLANG_WARN_RANGE_LOOP_ANALYSIS = YES;
				CLANG_WARN_STRICT_PROTOTYPES = YES;
				CLANG_WARN_SUSPICIOUS_MOVE = YES;
				CLANG_WARN_UNGUARDED_AVAILABILITY = YES_AGGRESSIVE;
				CLANG_WARN_UNREACHABLE_CODE = YES;
				CLANG_WARN__DUPLICATE_METHOD_MATCH = YES;
				COPY_PHASE_STRIP = NO;
				DEBUG_INFORMATION_FORMAT = "dwarf-with-dsym";
				ENABLE_NS_ASSERTIONS = NO;
				ENABLE_STRICT_OBJC_MSGSEND = YES;
				ENABLE_USER_SCRIPT_SANDBOXING = YES;
				GCC_C_LANGUAGE_STANDARD = gnu17;
				GCC_NO_COMMON_BLOCKS = YES;
				GCC_WARN_64_TO_32_BIT_CONVERSION = YES;
				GCC_WARN_ABOUT_RETURN_TYPE = YES_ERROR;
				GCC_WARN_UNDECLARED_SELECTOR = YES;
				GCC_WARN_UNINITIALIZED_AUTOS = YES_AGGRESSIVE;
				GCC_WARN_UNUSED_FUNCTION = YES;
				GCC_WARN_UNUSED_VARIABLE = YES;
				IPHONEOS_DEPLOYMENT_TARGET = 17.2;
				LOCALIZATION_PREFERS_STRING_CATALOGS = YES;
				MTL_ENABLE_DEBUG_INFO = NO;
				MTL_FAST_MATH = YES;
				SDKROOT = iphoneos;
				VALIDATE_PRODUCT = YES;
			};
			name = Release;
		};
		A27DC8CD2B5CBEEB00FBE000 /* Debug */ = {
			isa = XCBuildConfiguration;
			buildSettings = {
				ASSETCATALOG_COMPILER_APPICON_NAME = AppIcon;
				ASSETCATALOG_COMPILER_GLOBAL_ACCENT_COLOR_NAME = AccentColor;
				CODE_SIGN_STYLE = Automatic;
				CURRENT_PROJECT_VERSION = 1;
				GENERATE_INFOPLIST_FILE = YES;
				INFOPLIST_FILE = "GET&POST/Info.plist";
				INFOPLIST_KEY_UIApplicationSupportsIndirectInputEvents = YES;
				INFOPLIST_KEY_UILaunchStoryboardName = LaunchScreen;
				INFOPLIST_KEY_UIMainStoryboardFile = Main;
				INFOPLIST_KEY_UISupportedInterfaceOrientations_iPad = "UIInterfaceOrientationPortrait UIInterfaceOrientationPortraitUpsideDown UIInterfaceOrientationLandscapeLeft UIInterfaceOrientationLandscapeRight";
				INFOPLIST_KEY_UISupportedInterfaceOrientations_iPhone = "UIInterfaceOrientationPortrait UIInterfaceOrientationLandscapeLeft UIInterfaceOrientationLandscapeRight";
				LD_RUNPATH_SEARCH_PATHS = (
					"$(inherited)",
					"@executable_path/Frameworks",
				);
				MARKETING_VERSION = 1.0;
				PRODUCT_BUNDLE_IDENTIFIER = "-.GET-POST";
				PRODUCT_NAME = "$(TARGET_NAME)";
				SWIFT_EMIT_LOC_STRINGS = YES;
				TARGETED_DEVICE_FAMILY = "1,2";
			};
			name = Debug;
		};
		A27DC8CE2B5CBEEB00FBE000 /* Release */ = {
			isa = XCBuildConfiguration;
			buildSettings = {
				ASSETCATALOG_COMPILER_APPICON_NAME = AppIcon;
				ASSETCATALOG_COMPILER_GLOBAL_ACCENT_COLOR_NAME = AccentColor;
				CODE_SIGN_STYLE = Automatic;
				CURRENT_PROJECT_VERSION = 1;
				GENERATE_INFOPLIST_FILE = YES;
				INFOPLIST_FILE = "GET&POST/Info.plist";
				INFOPLIST_KEY_UIApplicationSupportsIndirectInputEvents = YES;
				INFOPLIST_KEY_UILaunchStoryboardName = LaunchScreen;
				INFOPLIST_KEY_UIMainStoryboardFile = Main;
				INFOPLIST_KEY_UISupportedInterfaceOrientations_iPad = "UIInterfaceOrientationPortrait UIInterfaceOrientationPortraitUpsideDown UIInterfaceOrientationLandscapeLeft UIInterfaceOrientationLandscapeRight";
				INFOPLIST_KEY_UISupportedInterfaceOrientations_iPhone = "UIInterfaceOrientationPortrait UIInterfaceOrientationLandscapeLeft UIInterfaceOrientationLandscapeRight";
				LD_RUNPATH_SEARCH_PATHS = (
					"$(inherited)",
					"@executable_path/Frameworks",
				);
				MARKETING_VERSION = 1.0;
				PRODUCT_BUNDLE_IDENTIFIER = "-.GET-POST";
				PRODUCT_NAME = "$(TARGET_NAME)";
				SWIFT_EMIT_LOC_STRINGS = YES;
				TARGETED_DEVICE_FAMILY = "1,2";
			};
			name = Release;
		};
/* End XCBuildConfiguration section */

/* Begin XCConfigurationList section */
		A27DC8AE2B5CBEE900FBE000 /* Build configuration list for PBXProject "GET&POST" */ = {
			isa = XCConfigurationList;
			buildConfigurations = (
				A27DC8CA2B5CBEEB00FBE000 /* Debug */,
				A27DC8CB2B5CBEEB00FBE000 /* Release */,
			);
			defaultConfigurationIsVisible = 0;
			defaultConfigurationName = Release;
		};
		A27DC8CC2B5CBEEB00FBE000 /* Build configuration list for PBXNativeTarget "GET&POST" */ = {
			isa = XCConfigurationList;
			buildConfigurations = (
				A27DC8CD2B5CBEEB00FBE000 /* Debug */,
				A27DC8CE2B5CBEEB00FBE000 /* Release */,
			);
			defaultConfigurationIsVisible = 0;
			defaultConfigurationName = Release;
		};
/* End XCConfigurationList section */
	};
	rootObject = A27DC8AB2B5CBEE900FBE000 /* Project object */;
}
